
Microsoft Visual Studio Solution File, Format Version 12.00
# Visual Studio Version 16
VisualStudioVersion = 16.0.28407.52
MinimumVisualStudioVersion = 10.0.40219.1
Project("{FAE04EC0-301F-11D3-BF4B-00C04F79EFBC}") = "VisualStudio2019Demo", "VisualStudio2019Demo\VisualStudio2019Demo.csproj", "{9F79EEFA-53F5-4F8B-8878-D48F1334066E}"
EndProject
Global
	GlobalSection(SolutionConfigurationPlatforms) = preSolution
		Debug|Any CPU = Debug|Any CPU
		Release|Any CPU = Release|Any CPU
	EndGlobalSection
	GlobalSection(ProjectConfigurationPlatforms) = postSolution
		{9F79EEFA-53F5-4F8B-8878-D48F1334066E}.Debug|Any CPU.ActiveCfg = Debug|Any CPU
		{9F79EEFA-53F5-4F8B-8878-D48F1334066E}.Debug|Any CPU.Build.0 = Debug|Any CPU
		{9F79EEFA-53F5-4F8B-8878-D48F1334066E}.Release|Any CPU.ActiveCfg = Release|Any CPU
		{9F79EEFA-53F5-4F8B-8878-D48F1334066E}.Release|Any CPU.Build.0 = Release|Any CPU
	EndGlobalSection
	GlobalSection(SolutionProperties) = preSolution
		HideSolutionNode = FALSE
	EndGlobalSection
	GlobalSection(ExtensibilityGlobals) = postSolution
		SolutionGuid = {DDE61C1E-F442-4B08-9867-5597CFA91E28}
	EndGlobalSection
EndGlobal
